// !$*UTF8*$!
{
	archiveVersion = 1;
	classes = {
	};
	objectVersion = 56;
	objects = {

/* Begin PBXBuildFile section */
		D4737C062A0CD27500B17712 /* ContentViewModel.swift in Sources */ = {isa = PBXBuildFile; fileRef = D4737C052A0CD27500B17712 /* ContentViewModel.swift */; };
		D4D515C02A02ADE300B5BB2C /* TestApp.swift in Sources */ = {isa = PBXBuildFile; fileRef = D4D515BF2A02ADE300B5BB2C /* TestApp.swift */; };
		D4D515C22A02ADE300B5BB2C /* ContentView.swift in Sources */ = {isa = PBXBuildFile; fileRef = D4D515C12A02ADE300B5BB2C /* ContentView.swift */; };
		D4D515C42A02ADE400B5BB2C /* Assets.xcassets in Resources */ = {isa = PBXBuildFile; fileRef = D4D515C32A02ADE400B5BB2C /* Assets.xcassets */; };
		D4D515C72A02ADE400B5BB2C /* Preview Assets.xcassets in Resources */ = {isa = PBXBuildFile; fileRef = D4D515C62A02ADE400B5BB2C /* Preview Assets.xcassets */; };
		D4D515D22A02ADE400B5BB2C /* ContentViewModelTests.swift in Sources */ = {isa = PBXBuildFile; fileRef = D4D515D12A02ADE400B5BB2C /* ContentViewModelTests.swift */; };
		D4D515DC2A02ADE400B5BB2C /* TestUITests.swift in Sources */ = {isa = PBXBuildFile; fileRef = D4D515DB2A02ADE400B5BB2C /* TestUITests.swift */; };
		D4D515DE2A02ADE400B5BB2C /* TestUITestsLaunchTests.swift in Sources */ = {isa = PBXBuildFile; fileRef = D4D515DD2A02ADE400B5BB2C /* TestUITestsLaunchTests.swift */; };
		D4E1B55B2A49B9A4007108C5 /* Sparkle in Frameworks */ = {isa = PBXBuildFile; productRef = D4E1B55A2A49B9A4007108C5 /* Sparkle */; };
/* End PBXBuildFile section */

/* Begin PBXContainerItemProxy section */
		D4D515CE2A02ADE400B5BB2C /* PBXContainerItemProxy */ = {
			isa = PBXContainerItemProxy;
			containerPortal = D4D515B42A02ADE300B5BB2C /* Project object */;
			proxyType = 1;
			remoteGlobalIDString = D4D515BB2A02ADE300B5BB2C;
			remoteInfo = Test;
		};
		D4D515D82A02ADE400B5BB2C /* PBXContainerItemProxy */ = {
			isa = PBXContainerItemProxy;
			containerPortal = D4D515B42A02ADE300B5BB2C /* Project object */;
			proxyType = 1;
			remoteGlobalIDString = D4D515BB2A02ADE300B5BB2C;
			remoteInfo = Test;
		};
/* End PBXContainerItemProxy section */

/* Begin PBXCopyFilesBuildPhase section */
		D4D516012A02ADF900B5BB2C /* Embed Foundation Extensions */ = {
			isa = PBXCopyFilesBuildPhase;
			buildActionMask = 2147483647;
			dstPath = "";
			dstSubfolderSpec = 13;
			files = (
			);
			name = "Embed Foundation Extensions";
			runOnlyForDeploymentPostprocessing = 0;
		};
/* End PBXCopyFilesBuildPhase section */

/* Begin PBXFileReference section */
		D45C5AB72A4AFDD200477D8E /* Info.plist */ = {isa = PBXFileReference; lastKnownFileType = text.plist; path = Info.plist; sourceTree = "<group>"; };
		D4737C052A0CD27500B17712 /* ContentViewModel.swift */ = {isa = PBXFileReference; lastKnownFileType = sourcecode.swift; path = ContentViewModel.swift; sourceTree = "<group>"; };
		D4737C072A0CDEF100B17712 /* Test.xctestplan */ = {isa = PBXFileReference; lastKnownFileType = text; path = Test.xctestplan; sourceTree = SOURCE_ROOT; };
		D4D515BC2A02ADE300B5BB2C /* Test.app */ = {isa = PBXFileReference; explicitFileType = wrapper.application; includeInIndex = 0; path = Test.app; sourceTree = BUILT_PRODUCTS_DIR; };
		D4D515BF2A02ADE300B5BB2C /* TestApp.swift */ = {isa = PBXFileReference; lastKnownFileType = sourcecode.swift; path = TestApp.swift; sourceTree = "<group>"; };
		D4D515C12A02ADE300B5BB2C /* ContentView.swift */ = {isa = PBXFileReference; lastKnownFileType = sourcecode.swift; path = ContentView.swift; sourceTree = "<group>"; };
		D4D515C32A02ADE400B5BB2C /* Assets.xcassets */ = {isa = PBXFileReference; lastKnownFileType = folder.assetcatalog; path = Assets.xcassets; sourceTree = "<group>"; };
		D4D515C62A02ADE400B5BB2C /* Preview Assets.xcassets */ = {isa = PBXFileReference; lastKnownFileType = folder.assetcatalog; path = "Preview Assets.xcassets"; sourceTree = "<group>"; };
		D4D515C82A02ADE400B5BB2C /* Test.entitlements */ = {isa = PBXFileReference; lastKnownFileType = text.plist.entitlements; path = Test.entitlements; sourceTree = "<group>"; };
		D4D515CD2A02ADE400B5BB2C /* TestTests.xctest */ = {isa = PBXFileReference; explicitFileType = wrapper.cfbundle; includeInIndex = 0; path = TestTests.xctest; sourceTree = BUILT_PRODUCTS_DIR; };
		D4D515D12A02ADE400B5BB2C /* ContentViewModelTests.swift */ = {isa = PBXFileReference; lastKnownFileType = sourcecode.swift; path = ContentViewModelTests.swift; sourceTree = "<group>"; };
		D4D515D72A02ADE400B5BB2C /* TestUITests.xctest */ = {isa = PBXFileReference; explicitFileType = wrapper.cfbundle; includeInIndex = 0; path = TestUITests.xctest; sourceTree = BUILT_PRODUCTS_DIR; };
		D4D515DB2A02ADE400B5BB2C /* TestUITests.swift */ = {isa = PBXFileReference; lastKnownFileType = sourcecode.swift; path = TestUITests.swift; sourceTree = "<group>"; };
		D4D515DD2A02ADE400B5BB2C /* TestUITestsLaunchTests.swift */ = {isa = PBXFileReference; lastKnownFileType = sourcecode.swift; path = TestUITestsLaunchTests.swift; sourceTree = "<group>"; };
/* End PBXFileReference section */

/* Begin PBXFrameworksBuildPhase section */
		D4D515B92A02ADE300B5BB2C /* Frameworks */ = {
			isa = PBXFrameworksBuildPhase;
			buildActionMask = 2147483647;
			files = (
				D4E1B55B2A49B9A4007108C5 /* Sparkle in Frameworks */,
			);
			runOnlyForDeploymentPostprocessing = 0;
		};
		D4D515CA2A02ADE400B5BB2C /* Frameworks */ = {
			isa = PBXFrameworksBuildPhase;
			buildActionMask = 2147483647;
			files = (
			);
			runOnlyForDeploymentPostprocessing = 0;
		};
		D4D515D42A02ADE400B5BB2C /* Frameworks */ = {
			isa = PBXFrameworksBuildPhase;
			buildActionMask = 2147483647;
			files = (
			);
			runOnlyForDeploymentPostprocessing = 0;
		};
/* End PBXFrameworksBuildPhase section */

/* Begin PBXGroup section */
		D4D515B32A02ADE300B5BB2C = {
			isa = PBXGroup;
			children = (
				D4D515BE2A02ADE300B5BB2C /* Test */,
				D4D515D02A02ADE400B5BB2C /* TestTests */,
				D4D515DA2A02ADE400B5BB2C /* TestUITests */,
				D4D515BD2A02ADE300B5BB2C /* Products */,
			);
			sourceTree = "<group>";
		};
		D4D515BD2A02ADE300B5BB2C /* Products */ = {
			isa = PBXGroup;
			children = (
				D4D515BC2A02ADE300B5BB2C /* Test.app */,
				D4D515CD2A02ADE400B5BB2C /* TestTests.xctest */,
				D4D515D72A02ADE400B5BB2C /* TestUITests.xctest */,
			);
			name = Products;
			sourceTree = "<group>";
		};
		D4D515BE2A02ADE300B5BB2C /* Test */ = {
			isa = PBXGroup;
			children = (
				D45C5AB72A4AFDD200477D8E /* Info.plist */,
				D4D515BF2A02ADE300B5BB2C /* TestApp.swift */,
				D4D515C12A02ADE300B5BB2C /* ContentView.swift */,
				D4D515C32A02ADE400B5BB2C /* Assets.xcassets */,
				D4D515C82A02ADE400B5BB2C /* Test.entitlements */,
				D4D515C52A02ADE400B5BB2C /* Preview Content */,
				D4737C052A0CD27500B17712 /* ContentViewModel.swift */,
			);
			path = Test;
			sourceTree = "<group>";
		};
		D4D515C52A02ADE400B5BB2C /* Preview Content */ = {
			isa = PBXGroup;
			children = (
				D4D515C62A02ADE400B5BB2C /* Preview Assets.xcassets */,
			);
			path = "Preview Content";
			sourceTree = "<group>";
		};
		D4D515D02A02ADE400B5BB2C /* TestTests */ = {
			isa = PBXGroup;
			children = (
				D4D515D12A02ADE400B5BB2C /* ContentViewModelTests.swift */,
				D4737C072A0CDEF100B17712 /* Test.xctestplan */,
			);
			path = TestTests;
			sourceTree = "<group>";
		};
		D4D515DA2A02ADE400B5BB2C /* TestUITests */ = {
			isa = PBXGroup;
			children = (
				D4D515DB2A02ADE400B5BB2C /* TestUITests.swift */,
				D4D515DD2A02ADE400B5BB2C /* TestUITestsLaunchTests.swift */,
			);
			path = TestUITests;
			sourceTree = "<group>";
		};
/* End PBXGroup section */

/* Begin PBXNativeTarget section */
		D4D515BB2A02ADE300B5BB2C /* Test */ = {
			isa = PBXNativeTarget;
			buildConfigurationList = D4D515E12A02ADE400B5BB2C /* Build configuration list for PBXNativeTarget "Test" */;
			buildPhases = (
				D4D515B82A02ADE300B5BB2C /* Sources */,
				D4D515B92A02ADE300B5BB2C /* Frameworks */,
				D4D515BA2A02ADE300B5BB2C /* Resources */,
				D4D516012A02ADF900B5BB2C /* Embed Foundation Extensions */,
			);
			buildRules = (
			);
			dependencies = (
			);
			name = Test;
			packageProductDependencies = (
				D4E1B55A2A49B9A4007108C5 /* Sparkle */,
			);
			productName = Test;
			productReference = D4D515BC2A02ADE300B5BB2C /* Test.app */;
			productType = "com.apple.product-type.application";
		};
		D4D515CC2A02ADE400B5BB2C /* TestTests */ = {
			isa = PBXNativeTarget;
			buildConfigurationList = D4D515E42A02ADE400B5BB2C /* Build configuration list for PBXNativeTarget "TestTests" */;
			buildPhases = (
				D4D515C92A02ADE400B5BB2C /* Sources */,
				D4D515CA2A02ADE400B5BB2C /* Frameworks */,
				D4D515CB2A02ADE400B5BB2C /* Resources */,
			);
			buildRules = (
			);
			dependencies = (
				D4D515CF2A02ADE400B5BB2C /* PBXTargetDependency */,
			);
			name = TestTests;
			productName = TestTests;
			productReference = D4D515CD2A02ADE400B5BB2C /* TestTests.xctest */;
			productType = "com.apple.product-type.bundle.unit-test";
		};
		D4D515D62A02ADE400B5BB2C /* TestUITests */ = {
			isa = PBXNativeTarget;
			buildConfigurationList = D4D515E72A02ADE400B5BB2C /* Build configuration list for PBXNativeTarget "TestUITests" */;
			buildPhases = (
				D4D515D32A02ADE400B5BB2C /* Sources */,
				D4D515D42A02ADE400B5BB2C /* Frameworks */,
				D4D515D52A02ADE400B5BB2C /* Resources */,
			);
			buildRules = (
			);
			dependencies = (
				D4D515D92A02ADE400B5BB2C /* PBXTargetDependency */,
			);
			name = TestUITests;
			productName = TestUITests;
			productReference = D4D515D72A02ADE400B5BB2C /* TestUITests.xctest */;
			productType = "com.apple.product-type.bundle.ui-testing";
		};
/* End PBXNativeTarget section */

/* Begin PBXProject section */
		D4D515B42A02ADE300B5BB2C /* Project object */ = {
			isa = PBXProject;
			attributes = {
				BuildIndependentTargetsInParallel = 1;
				LastSwiftUpdateCheck = 1430;
				LastUpgradeCheck = 1430;
				TargetAttributes = {
					D4D515BB2A02ADE300B5BB2C = {
						CreatedOnToolsVersion = 14.3;
					};
					D4D515CC2A02ADE400B5BB2C = {
						CreatedOnToolsVersion = 14.3;
						TestTargetID = D4D515BB2A02ADE300B5BB2C;
					};
					D4D515D62A02ADE400B5BB2C = {
						CreatedOnToolsVersion = 14.3;
						TestTargetID = D4D515BB2A02ADE300B5BB2C;
					};
				};
			};
			buildConfigurationList = D4D515B72A02ADE300B5BB2C /* Build configuration list for PBXProject "Test" */;
			compatibilityVersion = "Xcode 14.0";
			developmentRegion = en;
			hasScannedForEncodings = 0;
			knownRegions = (
				en,
				Base,
			);
			mainGroup = D4D515B32A02ADE300B5BB2C;
			packageReferences = (
				D4E1B5592A49B9A4007108C5 /* XCRemoteSwiftPackageReference "Sparkle" */,
			);
			productRefGroup = D4D515BD2A02ADE300B5BB2C /* Products */;
			projectDirPath = "";
			projectRoot = "";
			targets = (
				D4D515BB2A02ADE300B5BB2C /* Test */,
				D4D515CC2A02ADE400B5BB2C /* TestTests */,
				D4D515D62A02ADE400B5BB2C /* TestUITests */,
			);
		};
/* End PBXProject section */

/* Begin PBXResourcesBuildPhase section */
		D4D515BA2A02ADE300B5BB2C /* Resources */ = {
			isa = PBXResourcesBuildPhase;
			buildActionMask = 2147483647;
			files = (
				D4D515C72A02ADE400B5BB2C /* Preview Assets.xcassets in Resources */,
				D4D515C42A02ADE400B5BB2C /* Assets.xcassets in Resources */,
			);
			runOnlyForDeploymentPostprocessing = 0;
		};
		D4D515CB2A02ADE400B5BB2C /* Resources */ = {
			isa = PBXResourcesBuildPhase;
			buildActionMask = 2147483647;
			files = (
			);
			runOnlyForDeploymentPostprocessing = 0;
		};
		D4D515D52A02ADE400B5BB2C /* Resources */ = {
			isa = PBXResourcesBuildPhase;
			buildActionMask = 2147483647;
			files = (
			);
			runOnlyForDeploymentPostprocessing = 0;
		};
/* End PBXResourcesBuildPhase section */

/* Begin PBXSourcesBuildPhase section */
		D4D515B82A02ADE300B5BB2C /* Sources */ = {
			isa = PBXSourcesBuildPhase;
			buildActionMask = 2147483647;
			files = (
				D4D515C22A02ADE300B5BB2C /* ContentView.swift in Sources */,
				D4D515C02A02ADE300B5BB2C /* TestApp.swift in Sources */,
				D4737C062A0CD27500B17712 /* ContentViewModel.swift in Sources */,
			);
			runOnlyForDeploymentPostprocessing = 0;
		};
		D4D515C92A02ADE400B5BB2C /* Sources */ = {
			isa = PBXSourcesBuildPhase;
			buildActionMask = 2147483647;
			files = (
				D4D515D22A02ADE400B5BB2C /* ContentViewModelTests.swift in Sources */,
			);
			runOnlyForDeploymentPostprocessing = 0;
		};
		D4D515D32A02ADE400B5BB2C /* Sources */ = {
			isa = PBXSourcesBuildPhase;
			buildActionMask = 2147483647;
			files = (
				D4D515DE2A02ADE400B5BB2C /* TestUITestsLaunchTests.swift in Sources */,
				D4D515DC2A02ADE400B5BB2C /* TestUITests.swift in Sources */,
			);
			runOnlyForDeploymentPostprocessing = 0;
		};
/* End PBXSourcesBuildPhase section */

/* Begin PBXTargetDependency section */
		D4D515CF2A02ADE400B5BB2C /* PBXTargetDependency */ = {
			isa = PBXTargetDependency;
			target = D4D515BB2A02ADE300B5BB2C /* Test */;
			targetProxy = D4D515CE2A02ADE400B5BB2C /* PBXContainerItemProxy */;
		};
		D4D515D92A02ADE400B5BB2C /* PBXTargetDependency */ = {
			isa = PBXTargetDependency;
			target = D4D515BB2A02ADE300B5BB2C /* Test */;
			targetProxy = D4D515D82A02ADE400B5BB2C /* PBXContainerItemProxy */;
		};
/* End PBXTargetDependency section */

/* Begin XCBuildConfiguration section */
		D4D515DF2A02ADE400B5BB2C /* Debug */ = {
			isa = XCBuildConfiguration;
			buildSettings = {
				ALWAYS_SEARCH_USER_PATHS = NO;
				CLANG_ANALYZER_NONNULL = YES;
				CLANG_ANALYZER_NUMBER_OBJECT_CONVERSION = YES_AGGRESSIVE;
				CLANG_CXX_LANGUAGE_STANDARD = "gnu++20";
				CLANG_ENABLE_MODULES = YES;
				CLANG_ENABLE_OBJC_ARC = YES;
				CLANG_ENABLE_OBJC_WEAK = YES;
				CLANG_WARN_BLOCK_CAPTURE_AUTORELEASING = YES;
				CLANG_WARN_BOOL_CONVERSION = YES;
				CLANG_WARN_COMMA = YES;
				CLANG_WARN_CONSTANT_CONVERSION = YES;
				CLANG_WARN_DEPRECATED_OBJC_IMPLEMENTATIONS = YES;
				CLANG_WARN_DIRECT_OBJC_ISA_USAGE = YES_ERROR;
				CLANG_WARN_DOCUMENTATION_COMMENTS = YES;
				CLANG_WARN_EMPTY_BODY = YES;
				CLANG_WARN_ENUM_CONVERSION = YES;
				CLANG_WARN_INFINITE_RECURSION = YES;
				CLANG_WARN_INT_CONVERSION = YES;
				CLANG_WARN_NON_LITERAL_NULL_CONVERSION = YES;
				CLANG_WARN_OBJC_IMPLICIT_RETAIN_SELF = YES;
				CLANG_WARN_OBJC_LITERAL_CONVERSION = YES;
				CLANG_WARN_OBJC_ROOT_CLASS = YES_ERROR;
				CLANG_WARN_QUOTED_INCLUDE_IN_FRAMEWORK_HEADER = YES;
				CLANG_WARN_RANGE_LOOP_ANALYSIS = YES;
				CLANG_WARN_STRICT_PROTOTYPES = YES;
				CLANG_WARN_SUSPICIOUS_MOVE = YES;
				CLANG_WARN_UNGUARDED_AVAILABILITY = YES_AGGRESSIVE;
				CLANG_WARN_UNREACHABLE_CODE = YES;
				CLANG_WARN__DUPLICATE_METHOD_MATCH = YES;
				COPY_PHASE_STRIP = NO;
				DEBUG_INFORMATION_FORMAT = dwarf;
				ENABLE_STRICT_OBJC_MSGSEND = YES;
				ENABLE_TESTABILITY = YES;
				GCC_C_LANGUAGE_STANDARD = gnu11;
				GCC_DYNAMIC_NO_PIC = NO;
				GCC_NO_COMMON_BLOCKS = YES;
				GCC_OPTIMIZATION_LEVEL = 0;
				GCC_PREPROCESSOR_DEFINITIONS = (
					"DEBUG=1",
					"$(inherited)",
				);
				GCC_WARN_64_TO_32_BIT_CONVERSION = YES;
				GCC_WARN_ABOUT_RETURN_TYPE = YES_ERROR;
				GCC_WARN_UNDECLARED_SELECTOR = YES;
				GCC_WARN_UNINITIALIZED_AUTOS = YES_AGGRESSIVE;
				GCC_WARN_UNUSED_FUNCTION = YES;
				GCC_WARN_UNUSED_VARIABLE = YES;
				MACOSX_DEPLOYMENT_TARGET = 13.3;
				MTL_ENABLE_DEBUG_INFO = INCLUDE_SOURCE;
				MTL_FAST_MATH = YES;
				ONLY_ACTIVE_ARCH = YES;
				SDKROOT = macosx;
				SWIFT_ACTIVE_COMPILATION_CONDITIONS = DEBUG;
				SWIFT_OPTIMIZATION_LEVEL = "-Onone";
			};
			name = Debug;
		};
		D4D515E02A02ADE400B5BB2C /* Release */ = {
			isa = XCBuildConfiguration;
			buildSettings = {
				ALWAYS_SEARCH_USER_PATHS = NO;
				CLANG_ANALYZER_NONNULL = YES;
				CLANG_ANALYZER_NUMBER_OBJECT_CONVERSION = YES_AGGRESSIVE;
				CLANG_CXX_LANGUAGE_STANDARD = "gnu++20";
				CLANG_ENABLE_MODULES = YES;
				CLANG_ENABLE_OBJC_ARC = YES;
				CLANG_ENABLE_OBJC_WEAK = YES;
				CLANG_WARN_BLOCK_CAPTURE_AUTORELEASING = YES;
				CLANG_WARN_BOOL_CONVERSION = YES;
				CLANG_WARN_COMMA = YES;
				CLANG_WARN_CONSTANT_CONVERSION = YES;
				CLANG_WARN_DEPRECATED_OBJC_IMPLEMENTATIONS = YES;
				CLANG_WARN_DIRECT_OBJC_ISA_USAGE = YES_ERROR;
				CLANG_WARN_DOCUMENTATION_COMMENTS = YES;
				CLANG_WARN_EMPTY_BODY = YES;
				CLANG_WARN_ENUM_CONVERSION = YES;
				CLANG_WARN_INFINITE_RECURSION = YES;
				CLANG_WARN_INT_CONVERSION = YES;
				CLANG_WARN_NON_LITERAL_NULL_CONVERSION = YES;
				CLANG_WARN_OBJC_IMPLICIT_RETAIN_SELF = YES;
				CLANG_WARN_OBJC_LITERAL_CONVERSION = YES;
				CLANG_WARN_OBJC_ROOT_CLASS = YES_ERROR;
				CLANG_WARN_QUOTED_INCLUDE_IN_FRAMEWORK_HEADER = YES;
				CLANG_WARN_RANGE_LOOP_ANALYSIS = YES;
				CLANG_WARN_STRICT_PROTOTYPES = YES;
				CLANG_WARN_SUSPICIOUS_MOVE = YES;
				CLANG_WARN_UNGUARDED_AVAILABILITY = YES_AGGRESSIVE;
				CLANG_WARN_UNREACHABLE_CODE = YES;
				CLANG_WARN__DUPLICATE_METHOD_MATCH = YES;
				COPY_PHASE_STRIP = NO;
				DEBUG_INFORMATION_FORMAT = "dwarf-with-dsym";
				ENABLE_NS_ASSERTIONS = NO;
				ENABLE_STRICT_OBJC_MSGSEND = YES;
				GCC_C_LANGUAGE_STANDARD = gnu11;
				GCC_NO_COMMON_BLOCKS = YES;
				GCC_WARN_64_TO_32_BIT_CONVERSION = YES;
				GCC_WARN_ABOUT_RETURN_TYPE = YES_ERROR;
				GCC_WARN_UNDECLARED_SELECTOR = YES;
				GCC_WARN_UNINITIALIZED_AUTOS = YES_AGGRESSIVE;
				GCC_WARN_UNUSED_FUNCTION = YES;
				GCC_WARN_UNUSED_VARIABLE = YES;
				MACOSX_DEPLOYMENT_TARGET = 13.3;
				MTL_ENABLE_DEBUG_INFO = NO;
				MTL_FAST_MATH = YES;
				SDKROOT = macosx;
				SWIFT_COMPILATION_MODE = wholemodule;
				SWIFT_OPTIMIZATION_LEVEL = "-O";
			};
			name = Release;
		};
		D4D515E22A02ADE400B5BB2C /* Debug */ = {
			isa = XCBuildConfiguration;
			buildSettings = {
				ALWAYS_EMBED_SWIFT_STANDARD_LIBRARIES = YES;
				ASSETCATALOG_COMPILER_APPICON_NAME = AppIcon;
				ASSETCATALOG_COMPILER_GLOBAL_ACCENT_COLOR_NAME = AccentColor;
				CODE_SIGN_ENTITLEMENTS = Test/Test.entitlements;
				CODE_SIGN_STYLE = Automatic;
				COMBINE_HIDPI_IMAGES = YES;
				CURRENT_PROJECT_VERSION = 1;
				DEVELOPMENT_ASSET_PATHS = "\"Test/Preview Content\"";
				DEVELOPMENT_TEAM = S3J4DS9F7R;
				ENABLE_HARDENED_RUNTIME = YES;
				ENABLE_PREVIEWS = YES;
				GENERATE_INFOPLIST_FILE = YES;
				INFOPLIST_FILE = Test/Info.plist;
				INFOPLIST_KEY_NSHumanReadableCopyright = "";
				LD_RUNPATH_SEARCH_PATHS = (
					"$(inherited)",
					"@executable_path/../Frameworks",
				);
				MARKETING_VERSION = 1.0;
				PRODUCT_BUNDLE_IDENTIFIER = test.Test;
				PRODUCT_NAME = "$(TARGET_NAME)";
				SWIFT_EMIT_LOC_STRINGS = YES;
				SWIFT_VERSION = 5.0;
			};
			name = Debug;
		};
		D4D515E32A02ADE400B5BB2C /* Release */ = {
			isa = XCBuildConfiguration;
			buildSettings = {
				ALWAYS_EMBED_SWIFT_STANDARD_LIBRARIES = YES;
				ASSETCATALOG_COMPILER_APPICON_NAME = AppIcon;
				ASSETCATALOG_COMPILER_GLOBAL_ACCENT_COLOR_NAME = AccentColor;
				CODE_SIGN_ENTITLEMENTS = Test/Test.entitlements;
				CODE_SIGN_STYLE = Automatic;
				COMBINE_HIDPI_IMAGES = YES;
				CURRENT_PROJECT_VERSION = 1;
				DEVELOPMENT_ASSET_PATHS = "\"Test/Preview Content\"";
				DEVELOPMENT_TEAM = S3J4DS9F7R;
				ENABLE_HARDENED_RUNTIME = YES;
				ENABLE_PREVIEWS = YES;
				GENERATE_INFOPLIST_FILE = YES;
				INFOPLIST_FILE = Test/Info.plist;
				INFOPLIST_KEY_NSHumanReadableCopyright = "";
				LD_RUNPATH_SEARCH_PATHS = (
					"$(inherited)",
					"@executable_path/../Frameworks",
				);
				MARKETING_VERSION = 1.0;
				PRODUCT_BUNDLE_IDENTIFIER = test.Test;
				PRODUCT_NAME = "$(TARGET_NAME)";
				SWIFT_EMIT_LOC_STRINGS = YES;
				SWIFT_VERSION = 5.0;
			};
			name = Release;
		};
		D4D515E52A02ADE400B5BB2C /* Debug */ = {
			isa = XCBuildConfiguration;
			buildSettings = {
				ALWAYS_EMBED_SWIFT_STANDARD_LIBRARIES = YES;
				BUNDLE_LOADER = "$(TEST_HOST)";
				CODE_SIGN_STYLE = Automatic;
				CURRENT_PROJECT_VERSION = 1;
				DEVELOPMENT_TEAM = S3J4DS9F7R;
				GENERATE_INFOPLIST_FILE = YES;
				MACOSX_DEPLOYMENT_TARGET = 13.3;
				MARKETING_VERSION = 1.0;
				PRODUCT_BUNDLE_IDENTIFIER = test.TestTests;
				PRODUCT_NAME = "$(TARGET_NAME)";
				SWIFT_EMIT_LOC_STRINGS = NO;
				SWIFT_VERSION = 5.0;
				TEST_HOST = "$(BUILT_PRODUCTS_DIR)/Test.app/$(BUNDLE_EXECUTABLE_FOLDER_PATH)/Test";
			};
			name = Debug;
		};
		D4D515E62A02ADE400B5BB2C /* Release */ = {
			isa = XCBuildConfiguration;
			buildSettings = {
				ALWAYS_EMBED_SWIFT_STANDARD_LIBRARIES = YES;
				BUNDLE_LOADER = "$(TEST_HOST)";
				CODE_SIGN_STYLE = Automatic;
				CURRENT_PROJECT_VERSION = 1;
				DEVELOPMENT_TEAM = S3J4DS9F7R;
				GENERATE_INFOPLIST_FILE = YES;
				MACOSX_DEPLOYMENT_TARGET = 13.3;
				MARKETING_VERSION = 1.0;
				PRODUCT_BUNDLE_IDENTIFIER = test.TestTests;
				PRODUCT_NAME = "$(TARGET_NAME)";
				SWIFT_EMIT_LOC_STRINGS = NO;
				SWIFT_VERSION = 5.0;
				TEST_HOST = "$(BUILT_PRODUCTS_DIR)/Test.app/$(BUNDLE_EXECUTABLE_FOLDER_PATH)/Test";
			};
			name = Release;
		};
		D4D515E82A02ADE400B5BB2C /* Debug */ = {
			isa = XCBuildConfiguration;
			buildSettings = {
				ALWAYS_EMBED_SWIFT_STANDARD_LIBRARIES = YES;
				CODE_SIGN_STYLE = Automatic;
				CURRENT_PROJECT_VERSION = 1;
				DEVELOPMENT_TEAM = S3J4DS9F7R;
				GENERATE_INFOPLIST_FILE = YES;
				MARKETING_VERSION = 1.0;
				PRODUCT_BUNDLE_IDENTIFIER = test.TestUITests;
				PRODUCT_NAME = "$(TARGET_NAME)";
				SWIFT_EMIT_LOC_STRINGS = NO;
				SWIFT_VERSION = 5.0;
				TEST_TARGET_NAME = Test;
			};
			name = Debug;
		};
		D4D515E92A02ADE400B5BB2C /* Release */ = {
			isa = XCBuildConfiguration;
			buildSettings = {
				ALWAYS_EMBED_SWIFT_STANDARD_LIBRARIES = YES;
				CODE_SIGN_STYLE = Automatic;
				CURRENT_PROJECT_VERSION = 1;
				DEVELOPMENT_TEAM = S3J4DS9F7R;
				GENERATE_INFOPLIST_FILE = YES;
				MARKETING_VERSION = 1.0;
				PRODUCT_BUNDLE_IDENTIFIER = test.TestUITests;
				PRODUCT_NAME = "$(TARGET_NAME)";
				SWIFT_EMIT_LOC_STRINGS = NO;
				SWIFT_VERSION = 5.0;
				TEST_TARGET_NAME = Test;
			};
			name = Release;
		};
/* End XCBuildConfiguration section */

/* Begin XCConfigurationList section */
		D4D515B72A02ADE300B5BB2C /* Build configuration list for PBXProject "Test" */ = {
			isa = XCConfigurationList;
			buildConfigurations = (
				D4D515DF2A02ADE400B5BB2C /* Debug */,
				D4D515E02A02ADE400B5BB2C /* Release */,
			);
			defaultConfigurationIsVisible = 0;
			defaultConfigurationName = Release;
		};
		D4D515E12A02ADE400B5BB2C /* Build configuration list for PBXNativeTarget "Test" */ = {
			isa = XCConfigurationList;
			buildConfigurations = (
				D4D515E22A02ADE400B5BB2C /* Debug */,
				D4D515E32A02ADE400B5BB2C /* Release */,
			);
			defaultConfigurationIsVisible = 0;
			defaultConfigurationName = Release;
		};
		D4D515E42A02ADE400B5BB2C /* Build configuration list for PBXNativeTarget "TestTests" */ = {
			isa = XCConfigurationList;
			buildConfigurations = (
				D4D515E52A02ADE400B5BB2C /* Debug */,
				D4D515E62A02ADE400B5BB2C /* Release */,
			);
			defaultConfigurationIsVisible = 0;
			defaultConfigurationName = Release;
		};
		D4D515E72A02ADE400B5BB2C /* Build configuration list for PBXNativeTarget "TestUITests" */ = {
			isa = XCConfigurationList;
			buildConfigurations = (
				D4D515E82A02ADE400B5BB2C /* Debug */,
				D4D515E92A02ADE400B5BB2C /* Release */,
			);
			defaultConfigurationIsVisible = 0;
			defaultConfigurationName = Release;
		};
/* End XCConfigurationList section */

/* Begin XCRemoteSwiftPackageReference section */
		D4E1B5592A49B9A4007108C5 /* XCRemoteSwiftPackageReference "Sparkle" */ = {
			isa = XCRemoteSwiftPackageReference;
			repositoryURL = "https://github.com/sparkle-project/Sparkle";
			requirement = {
				kind = upToNextMajorVersion;
				minimumVersion = 2.0.0;
			};
		};
/* End XCRemoteSwiftPackageReference section */

/* Begin XCSwiftPackageProductDependency section */
		D4E1B55A2A49B9A4007108C5 /* Sparkle */ = {
			isa = XCSwiftPackageProductDependency;
			package = D4E1B5592A49B9A4007108C5 /* XCRemoteSwiftPackageReference "Sparkle" */;
			productName = Sparkle;
		};
/* End XCSwiftPackageProductDependency section */
	};
	rootObject = D4D515B42A02ADE300B5BB2C /* Project object */;
}
